
Microsoft Visual Studio Solution File, Format Version 12.00
# Visual Studio 15
VisualStudioVersion = 15.0.28307.489
MinimumVisualStudioVersion = 10.0.40219.1
Project("{FAE04EC0-301F-11D3-BF4B-00C04F79EFBC}") = "MoqxUnitTesting", "MoqxUnitTesting\MoqxUnitTesting.csproj", "{EBB74526-AACB-46E1-9F7F-56C81FEE1770}"
EndProject
Project("{FAE04EC0-301F-11D3-BF4B-00C04F79EFBC}") = "ClassLibrary1", "ClassLibrary1\ClassLibrary1.csproj", "{1F36251C-5850-4E0F-9D51-C98F55DE4331}"
EndProject
Global
	GlobalSection(SolutionConfigurationPlatforms) = preSolution
		Debug|Any CPU = Debug|Any CPU
		Release|Any CPU = Release|Any CPU
	EndGlobalSection
	GlobalSection(ProjectConfigurationPlatforms) = postSolution
		{EBB74526-AACB-46E1-9F7F-56C81FEE1770}.Debug|Any CPU.ActiveCfg = Debug|Any CPU
		{EBB74526-AACB-46E1-9F7F-56C81FEE1770}.Debug|Any CPU.Build.0 = Debug|Any CPU
		{EBB74526-AACB-46E1-9F7F-56C81FEE1770}.Release|Any CPU.ActiveCfg = Release|Any CPU
		{EBB74526-AACB-46E1-9F7F-56C81FEE1770}.Release|Any CPU.Build.0 = Release|Any CPU
		{1F36251C-5850-4E0F-9D51-C98F55DE4331}.Debug|Any CPU.ActiveCfg = Debug|Any CPU
		{1F36251C-5850-4E0F-9D51-C98F55DE4331}.Debug|Any CPU.Build.0 = Debug|Any CPU
		{1F36251C-5850-4E0F-9D51-C98F55DE4331}.Release|Any CPU.ActiveCfg = Release|Any CPU
		{1F36251C-5850-4E0F-9D51-C98F55DE4331}.Release|Any CPU.Build.0 = Release|Any CPU
	EndGlobalSection
	GlobalSection(SolutionProperties) = preSolution
		HideSolutionNode = FALSE
	EndGlobalSection
	GlobalSection(ExtensibilityGlobals) = postSolution
		SolutionGuid = {68A44460-7A99-48A6-A0C4-BA81510BD615}
	EndGlobalSection
EndGlobal
